
Microsoft Visual Studio Solution File, Format Version 12.00
# Visual Studio 15
VisualStudioVersion = 15.0.34930.48
MinimumVisualStudioVersion = 10.0.40219.1
Project("{FAE04EC0-301F-11D3-BF4B-00C04F79EFBC}") = "CustomFrameViewer", "CustomFrameViewer\CustomFrameViewer.csproj", "{735216C6-8A70-4C03-9ACA-64FADED3B543}"
EndProject
Global
	GlobalSection(SolutionConfigurationPlatforms) = preSolution
		Debug|Any CPU = Debug|Any CPU
		Release|Any CPU = Release|Any CPU
	EndGlobalSection
	GlobalSection(ProjectConfigurationPlatforms) = postSolution
		{735216C6-8A70-4C03-9ACA-64FADED3B543}.Debug|Any CPU.ActiveCfg = Debug|Any CPU
		{735216C6-8A70-4C03-9ACA-64FADED3B543}.Debug|Any CPU.Build.0 = Debug|Any CPU
		{735216C6-8A70-4C03-9ACA-64FADED3B543}.Release|Any CPU.ActiveCfg = Release|Any CPU
		{735216C6-8A70-4C03-9ACA-64FADED3B543}.Release|Any CPU.Build.0 = Release|Any CPU
	EndGlobalSection
	GlobalSection(SolutionProperties) = preSolution
		HideSolutionNode = FALSE
	EndGlobalSection
	GlobalSection(ExtensibilityGlobals) = postSolution
		SolutionGuid = {17AEABBC-3CD6-4D65-ADEE-1B0B0DE55DC0}
	EndGlobalSection
EndGlobal
